
Microsoft Visual Studio Solution File, Format Version 12.00
# Visual Studio Version 17
VisualStudioVersion = 17.5.33424.131
MinimumVisualStudioVersion = 10.0.40219.1
Project("{FAE04EC0-301F-11D3-BF4B-00C04F79EFBC}") = "Task_1", "Task_1\Task_1.csproj", "{7B5E477B-80F3-4B1A-80C1-9547BF635F91}"
EndProject
Project("{FAE04EC0-301F-11D3-BF4B-00C04F79EFBC}") = "Task_2", "Task_2\Task_2.csproj", "{9AAB84EF-71F7-44DE-8087-579DF6C9008F}"
EndProject
Project("{FAE04EC0-301F-11D3-BF4B-00C04F79EFBC}") = "Task_3", "Task_3\Task_3.csproj", "{44C02841-2642-45DC-BF8D-D1D73226A2AE}"
EndProject
Project("{FAE04EC0-301F-11D3-BF4B-00C04F79EFBC}") = "Task_4", "Task_4\Task_4.csproj", "{BA2C946B-A7D3-41CC-82A5-9871DD7E3C5D}"
EndProject
Project("{FAE04EC0-301F-11D3-BF4B-00C04F79EFBC}") = "Task_5", "Task_5\Task_5.csproj", "{6C0E5B4E-34C8-49EC-9E51-CED34768712B}"
EndProject
Project("{FAE04EC0-301F-11D3-BF4B-00C04F79EFBC}") = "Task_6", "Task_6\Task_6.csproj", "{3524523B-B23C-4622-B150-38CC53452D38}"
EndProject
Project("{FAE04EC0-301F-11D3-BF4B-00C04F79EFBC}") = "Task_7", "Task_7\Task_7.csproj", "{587BB40C-AE51-4B8B-9904-CCE13BF8A51F}"
EndProject
Project("{FAE04EC0-301F-11D3-BF4B-00C04F79EFBC}") = "Task_8", "Task_8\Task_8.csproj", "{2F039F59-2E76-4F83-BF45-0FC2667ED569}"
EndProject
Project("{FAE04EC0-301F-11D3-BF4B-00C04F79EFBC}") = "Task_9", "Task_9\Task_9.csproj", "{D13A0D3B-A2B8-4673-B8F5-7644537E8FBE}"
EndProject
Project("{FAE04EC0-301F-11D3-BF4B-00C04F79EFBC}") = "Task_10", "Task_10\Task_10.csproj", "{93F352EB-D2EB-4E8D-A10B-A2555B1156F4}"
EndProject
Project("{FAE04EC0-301F-11D3-BF4B-00C04F79EFBC}") = "Task_11", "Task_11\Task_11.csproj", "{7D9D74F6-CDF1-4FF9-B7B5-3DBC293DB1AA}"
EndProject
Project("{FAE04EC0-301F-11D3-BF4B-00C04F79EFBC}") = "Task_12", "Task_12\Task_12.csproj", "{9F6CEC3A-5956-4F09-AD17-1A34A5C40DE7}"
EndProject
Project("{FAE04EC0-301F-11D3-BF4B-00C04F79EFBC}") = "Task_13", "Task_13\Task_13.csproj", "{EAF523E8-47F6-498B-AC6C-C7AF4B06D107}"
EndProject
Project("{FAE04EC0-301F-11D3-BF4B-00C04F79EFBC}") = "Task_14", "Task_14\Task_14.csproj", "{3E56AF30-58C8-48EB-9F6F-DFA6FCA46C9E}"
EndProject
Global
	GlobalSection(SolutionConfigurationPlatforms) = preSolution
		Debug|Any CPU = Debug|Any CPU
		Release|Any CPU = Release|Any CPU
	EndGlobalSection
	GlobalSection(ProjectConfigurationPlatforms) = postSolution
		{7B5E477B-80F3-4B1A-80C1-9547BF635F91}.Debug|Any CPU.ActiveCfg = Debug|Any CPU
		{7B5E477B-80F3-4B1A-80C1-9547BF635F91}.Debug|Any CPU.Build.0 = Debug|Any CPU
		{7B5E477B-80F3-4B1A-80C1-9547BF635F91}.Release|Any CPU.ActiveCfg = Release|Any CPU
		{7B5E477B-80F3-4B1A-80C1-9547BF635F91}.Release|Any CPU.Build.0 = Release|Any CPU
		{9AAB84EF-71F7-44DE-8087-579DF6C9008F}.Debug|Any CPU.ActiveCfg = Debug|Any CPU
		{9AAB84EF-71F7-44DE-8087-579DF6C9008F}.Debug|Any CPU.Build.0 = Debug|Any CPU
		{9AAB84EF-71F7-44DE-8087-579DF6C9008F}.Release|Any CPU.ActiveCfg = Release|Any CPU
		{9AAB84EF-71F7-44DE-8087-579DF6C9008F}.Release|Any CPU.Build.0 = Release|Any CPU
		{44C02841-2642-45DC-BF8D-D1D73226A2AE}.Debug|Any CPU.ActiveCfg = Debug|Any CPU
		{44C02841-2642-45DC-BF8D-D1D73226A2AE}.Debug|Any CPU.Build.0 = Debug|Any CPU
		{44C02841-2642-45DC-BF8D-D1D73226A2AE}.Release|Any CPU.ActiveCfg = Release|Any CPU
		{44C02841-2642-45DC-BF8D-D1D73226A2AE}.Release|Any CPU.Build.0 = Release|Any CPU
		{BA2C946B-A7D3-41CC-82A5-9871DD7E3C5D}.Debug|Any CPU.ActiveCfg = Debug|Any CPU
		{BA2C946B-A7D3-41CC-82A5-9871DD7E3C5D}.Debug|Any CPU.Build.0 = Debug|Any CPU
		{BA2C946B-A7D3-41CC-82A5-9871DD7E3C5D}.Release|Any CPU.ActiveCfg = Release|Any CPU
		{BA2C946B-A7D3-41CC-82A5-9871DD7E3C5D}.Release|Any CPU.Build.0 = Release|Any CPU
		{6C0E5B4E-34C8-49EC-9E51-CED34768712B}.Debug|Any CPU.ActiveCfg = Debug|Any CPU
		{6C0E5B4E-34C8-49EC-9E51-CED34768712B}.Debug|Any CPU.Build.0 = Debug|Any CPU
		{6C0E5B4E-34C8-49EC-9E51-CED34768712B}.Release|Any CPU.ActiveCfg = Release|Any CPU
		{6C0E5B4E-34C8-49EC-9E51-CED34768712B}.Release|Any CPU.Build.0 = Release|Any CPU
		{3524523B-B23C-4622-B150-38CC53452D38}.Debug|Any CPU.ActiveCfg = Debug|Any CPU
		{3524523B-B23C-4622-B150-38CC53452D38}.Debug|Any CPU.Build.0 = Debug|Any CPU
		{3524523B-B23C-4622-B150-38CC53452D38}.Release|Any CPU.ActiveCfg = Release|Any CPU
		{3524523B-B23C-4622-B150-38CC53452D38}.Release|Any CPU.Build.0 = Release|Any CPU
		{587BB40C-AE51-4B8B-9904-CCE13BF8A51F}.Debug|Any CPU.ActiveCfg = Debug|Any CPU
		{587BB40C-AE51-4B8B-9904-CCE13BF8A51F}.Debug|Any CPU.Build.0 = Debug|Any CPU
		{587BB40C-AE51-4B8B-9904-CCE13BF8A51F}.Release|Any CPU.ActiveCfg = Release|Any CPU
		{587BB40C-AE51-4B8B-9904-CCE13BF8A51F}.Release|Any CPU.Build.0 = Release|Any CPU
		{2F039F59-2E76-4F83-BF45-0FC2667ED569}.Debug|Any CPU.ActiveCfg = Debug|Any CPU
		{2F039F59-2E76-4F83-BF45-0FC2667ED569}.Debug|Any CPU.Build.0 = Debug|Any CPU
		{2F039F59-2E76-4F83-BF45-0FC2667ED569}.Release|Any CPU.ActiveCfg = Release|Any CPU
		{2F039F59-2E76-4F83-BF45-0FC2667ED569}.Release|Any CPU.Build.0 = Release|Any CPU
		{D13A0D3B-A2B8-4673-B8F5-7644537E8FBE}.Debug|Any CPU.ActiveCfg = Debug|Any CPU
		{D13A0D3B-A2B8-4673-B8F5-7644537E8FBE}.Debug|Any CPU.Build.0 = Debug|Any CPU
		{D13A0D3B-A2B8-4673-B8F5-7644537E8FBE}.Release|Any CPU.ActiveCfg = Release|Any CPU
		{D13A0D3B-A2B8-4673-B8F5-7644537E8FBE}.Release|Any CPU.Build.0 = Release|Any CPU
		{93F352EB-D2EB-4E8D-A10B-A2555B1156F4}.Debug|Any CPU.ActiveCfg = Debug|Any CPU
		{93F352EB-D2EB-4E8D-A10B-A2555B1156F4}.Debug|Any CPU.Build.0 = Debug|Any CPU
		{93F352EB-D2EB-4E8D-A10B-A2555B1156F4}.Release|Any CPU.ActiveCfg = Release|Any CPU
		{93F352EB-D2EB-4E8D-A10B-A2555B1156F4}.Release|Any CPU.Build.0 = Release|Any CPU
		{7D9D74F6-CDF1-4FF9-B7B5-3DBC293DB1AA}.Debug|Any CPU.ActiveCfg = Debug|Any CPU
		{7D9D74F6-CDF1-4FF9-B7B5-3DBC293DB1AA}.Debug|Any CPU.Build.0 = Debug|Any CPU
		{7D9D74F6-CDF1-4FF9-B7B5-3DBC293DB1AA}.Release|Any CPU.ActiveCfg = Release|Any CPU
		{7D9D74F6-CDF1-4FF9-B7B5-3DBC293DB1AA}.Release|Any CPU.Build.0 = Release|Any CPU
		{9F6CEC3A-5956-4F09-AD17-1A34A5C40DE7}.Debug|Any CPU.ActiveCfg = Debug|Any CPU
		{9F6CEC3A-5956-4F09-AD17-1A34A5C40DE7}.Debug|Any CPU.Build.0 = Debug|Any CPU
		{9F6CEC3A-5956-4F09-AD17-1A34A5C40DE7}.Release|Any CPU.ActiveCfg = Release|Any CPU
		{9F6CEC3A-5956-4F09-AD17-1A34A5C40DE7}.Release|Any CPU.Build.0 = Release|Any CPU
		{EAF523E8-47F6-498B-AC6C-C7AF4B06D107}.Debug|Any CPU.ActiveCfg = Debug|Any CPU
		{EAF523E8-47F6-498B-AC6C-C7AF4B06D107}.Debug|Any CPU.Build.0 = Debug|Any CPU
		{EAF523E8-47F6-498B-AC6C-C7AF4B06D107}.Release|Any CPU.ActiveCfg = Release|Any CPU
		{EAF523E8-47F6-498B-AC6C-C7AF4B06D107}.Release|Any CPU.Build.0 = Release|Any CPU
		{3E56AF30-58C8-48EB-9F6F-DFA6FCA46C9E}.Debug|Any CPU.ActiveCfg = Debug|Any CPU
		{3E56AF30-58C8-48EB-9F6F-DFA6FCA46C9E}.Debug|Any CPU.Build.0 = Debug|Any CPU
		{3E56AF30-58C8-48EB-9F6F-DFA6FCA46C9E}.Release|Any CPU.ActiveCfg = Release|Any CPU
		{3E56AF30-58C8-48EB-9F6F-DFA6FCA46C9E}.Release|Any CPU.Build.0 = Release|Any CPU
	EndGlobalSection
	GlobalSection(SolutionProperties) = preSolution
		HideSolutionNode = FALSE
	EndGlobalSection
	GlobalSection(ExtensibilityGlobals) = postSolution
		SolutionGuid = {4AC7D7BD-376B-4BA6-9D49-BAC81FC4C0DE}
	EndGlobalSection
EndGlobal
