
Microsoft Visual Studio Solution File, Format Version 12.00
Project("{FAE04EC0-301F-11D3-BF4B-00C04F79EFBC}") = "Task_1", "Task_1\Task_1.csproj", "{FD6686E8-2690-4E9F-826B-CAA4C64DD747}"
EndProject
Project("{FAE04EC0-301F-11D3-BF4B-00C04F79EFBC}") = "Task_2", "Task_2\Task_2.csproj", "{66C22D6C-56ED-4AAD-B645-015A73993456}"
EndProject
Project("{FAE04EC0-301F-11D3-BF4B-00C04F79EFBC}") = "Task_3", "Task_3\Task_3.csproj", "{FEBA9053-128A-4D17-9F4D-CC85B541F925}"
EndProject
Project("{FAE04EC0-301F-11D3-BF4B-00C04F79EFBC}") = "Task_4", "Task_4\Task_4.csproj", "{DCDF4D29-43E6-402F-BD38-B886F7BD2038}"
EndProject
Project("{FAE04EC0-301F-11D3-BF4B-00C04F79EFBC}") = "Task_5", "Task_5\Task_5.csproj", "{552EC510-08A0-4D7C-B528-CC6021D73EE8}"
EndProject
Project("{FAE04EC0-301F-11D3-BF4B-00C04F79EFBC}") = "Task_6", "Task_6\Task_6.csproj", "{829EDCCD-2F1C-4457-AF0B-8693B89BB476}"
EndProject
Project("{FAE04EC0-301F-11D3-BF4B-00C04F79EFBC}") = "Task_7", "Task_7\Task_7.csproj", "{224F6F84-F635-4EE5-AE41-9692D1EA7C5E}"
EndProject
Project("{FAE04EC0-301F-11D3-BF4B-00C04F79EFBC}") = "Task_8", "Task_8\Task_8.csproj", "{03476894-A191-420D-A3F6-6CACADB0B440}"
EndProject
Project("{FAE04EC0-301F-11D3-BF4B-00C04F79EFBC}") = "Task_9", "Task_9\Task_9.csproj", "{DF5AD9DF-60A3-464A-8081-D7E9E3B57208}"
EndProject
Project("{FAE04EC0-301F-11D3-BF4B-00C04F79EFBC}") = "Task_10", "Task_10\Task_10.csproj", "{0D909F35-DF46-400A-9EE4-816EEC4EA881}"
EndProject
Global
	GlobalSection(SolutionConfigurationPlatforms) = preSolution
		Debug|Any CPU = Debug|Any CPU
		Release|Any CPU = Release|Any CPU
	EndGlobalSection
	GlobalSection(ProjectConfigurationPlatforms) = postSolution
		{FD6686E8-2690-4E9F-826B-CAA4C64DD747}.Debug|Any CPU.ActiveCfg = Debug|Any CPU
		{FD6686E8-2690-4E9F-826B-CAA4C64DD747}.Debug|Any CPU.Build.0 = Debug|Any CPU
		{FD6686E8-2690-4E9F-826B-CAA4C64DD747}.Release|Any CPU.ActiveCfg = Release|Any CPU
		{FD6686E8-2690-4E9F-826B-CAA4C64DD747}.Release|Any CPU.Build.0 = Release|Any CPU
		{66C22D6C-56ED-4AAD-B645-015A73993456}.Debug|Any CPU.ActiveCfg = Debug|Any CPU
		{66C22D6C-56ED-4AAD-B645-015A73993456}.Debug|Any CPU.Build.0 = Debug|Any CPU
		{66C22D6C-56ED-4AAD-B645-015A73993456}.Release|Any CPU.ActiveCfg = Release|Any CPU
		{66C22D6C-56ED-4AAD-B645-015A73993456}.Release|Any CPU.Build.0 = Release|Any CPU
		{FEBA9053-128A-4D17-9F4D-CC85B541F925}.Debug|Any CPU.ActiveCfg = Debug|Any CPU
		{FEBA9053-128A-4D17-9F4D-CC85B541F925}.Debug|Any CPU.Build.0 = Debug|Any CPU
		{FEBA9053-128A-4D17-9F4D-CC85B541F925}.Release|Any CPU.ActiveCfg = Release|Any CPU
		{FEBA9053-128A-4D17-9F4D-CC85B541F925}.Release|Any CPU.Build.0 = Release|Any CPU
		{DCDF4D29-43E6-402F-BD38-B886F7BD2038}.Debug|Any CPU.ActiveCfg = Debug|Any CPU
		{DCDF4D29-43E6-402F-BD38-B886F7BD2038}.Debug|Any CPU.Build.0 = Debug|Any CPU
		{DCDF4D29-43E6-402F-BD38-B886F7BD2038}.Release|Any CPU.ActiveCfg = Release|Any CPU
		{DCDF4D29-43E6-402F-BD38-B886F7BD2038}.Release|Any CPU.Build.0 = Release|Any CPU
		{552EC510-08A0-4D7C-B528-CC6021D73EE8}.Debug|Any CPU.ActiveCfg = Debug|Any CPU
		{552EC510-08A0-4D7C-B528-CC6021D73EE8}.Debug|Any CPU.Build.0 = Debug|Any CPU
		{552EC510-08A0-4D7C-B528-CC6021D73EE8}.Release|Any CPU.ActiveCfg = Release|Any CPU
		{552EC510-08A0-4D7C-B528-CC6021D73EE8}.Release|Any CPU.Build.0 = Release|Any CPU
		{829EDCCD-2F1C-4457-AF0B-8693B89BB476}.Debug|Any CPU.ActiveCfg = Debug|Any CPU
		{829EDCCD-2F1C-4457-AF0B-8693B89BB476}.Debug|Any CPU.Build.0 = Debug|Any CPU
		{829EDCCD-2F1C-4457-AF0B-8693B89BB476}.Release|Any CPU.ActiveCfg = Release|Any CPU
		{829EDCCD-2F1C-4457-AF0B-8693B89BB476}.Release|Any CPU.Build.0 = Release|Any CPU
		{224F6F84-F635-4EE5-AE41-9692D1EA7C5E}.Debug|Any CPU.ActiveCfg = Debug|Any CPU
		{224F6F84-F635-4EE5-AE41-9692D1EA7C5E}.Debug|Any CPU.Build.0 = Debug|Any CPU
		{224F6F84-F635-4EE5-AE41-9692D1EA7C5E}.Release|Any CPU.ActiveCfg = Release|Any CPU
		{224F6F84-F635-4EE5-AE41-9692D1EA7C5E}.Release|Any CPU.Build.0 = Release|Any CPU
		{03476894-A191-420D-A3F6-6CACADB0B440}.Debug|Any CPU.ActiveCfg = Debug|Any CPU
		{03476894-A191-420D-A3F6-6CACADB0B440}.Debug|Any CPU.Build.0 = Debug|Any CPU
		{03476894-A191-420D-A3F6-6CACADB0B440}.Release|Any CPU.ActiveCfg = Release|Any CPU
		{03476894-A191-420D-A3F6-6CACADB0B440}.Release|Any CPU.Build.0 = Release|Any CPU
		{DF5AD9DF-60A3-464A-8081-D7E9E3B57208}.Debug|Any CPU.ActiveCfg = Debug|Any CPU
		{DF5AD9DF-60A3-464A-8081-D7E9E3B57208}.Debug|Any CPU.Build.0 = Debug|Any CPU
		{DF5AD9DF-60A3-464A-8081-D7E9E3B57208}.Release|Any CPU.ActiveCfg = Release|Any CPU
		{DF5AD9DF-60A3-464A-8081-D7E9E3B57208}.Release|Any CPU.Build.0 = Release|Any CPU
		{0D909F35-DF46-400A-9EE4-816EEC4EA881}.Debug|Any CPU.ActiveCfg = Debug|Any CPU
		{0D909F35-DF46-400A-9EE4-816EEC4EA881}.Debug|Any CPU.Build.0 = Debug|Any CPU
		{0D909F35-DF46-400A-9EE4-816EEC4EA881}.Release|Any CPU.ActiveCfg = Release|Any CPU
		{0D909F35-DF46-400A-9EE4-816EEC4EA881}.Release|Any CPU.Build.0 = Release|Any CPU
	EndGlobalSection
EndGlobal
